{
  "name": "nano-log-watcher",
  "version": "0.0.1",
  "lockfileVersion": 1,
  "requires": true,
  "dependencies": {
    "async": {
      "version": "2.6.0",
      "resolved": "https://registry.npmjs.org/async/-/async-2.6.0.tgz",
      "integrity": "sha512-xAfGg1/NTLBBKlHFmnd7PlmUW9KhVQIUuSrYem9xzFUZy13ScvtyGGejaae9iAVRiRq9+Cx7DPFaAAhCpyxyPw==",
      "requires": {
        "lodash": "4.17.5"
      }
    },
    "gelf": {
      "version": "2.0.1",
      "resolved": "https://registry.npmjs.org/gelf/-/gelf-2.0.1.tgz",
      "integrity": "sha512-77duTNPkUgcwFRl+kbmPx2YGMF4e030xBVVsKix5mruTAjuROW36WxmpVSk8MkiZC1D68JYNNb+kfJeZG/D5VQ==",
      "requires": {
        "async": "2.6.0"
      }
    },
    "lodash": {
      "version": "4.17.5",
      "resolved": "https://registry.npmjs.org/lodash/-/lodash-4.17.5.tgz",
      "integrity": "sha512-svL3uiZf1RwhH+cWrfZn3A4+U58wbP0tGVTLQPbjplZxZ8ROD9VLuNgsRniTlLe7OlSqR79RUehXgpBW/s0IQw=="
    },
    "tail-stream": {
      "version": "0.3.4",
      "resolved": "https://registry.npmjs.org/tail-stream/-/tail-stream-0.3.4.tgz",
      "integrity": "sha1-vGdaIOknMrGmp8xl1r5m94F/1cE="
    }
  }
}
