{
  "name": "nano-log-watcher",
  "version": "0.0.1",
  "lockfileVersion": 1,
  "requires": true,
  "dependencies": {
    "async": {
      "version": "2.6.0",
      "resolved": "https://registry.npmjs.org/async/-/async-2.6.0.tgz",
      "integrity": "sha512-xAfGg1/NTLBBKlHFmnd7PlmUW9KhVQIUuSrYem9xzFUZy13ScvtyGGejaae9iAVRiRq9+Cx7DPFaAAhCpyxyPw==",
      "requires": {
        "lodash": "4.17.5"
      }
    },
    "axios": {
      "version": "0.16.2",
      "resolved": "https://registry.npmjs.org/axios/-/axios-0.16.2.tgz",
      "integrity": "sha1-uk+S8XFn37q0CYN4VFS5rBScPG0=",
      "requires": {
        "follow-redirects": "1.4.1",
        "is-buffer": "1.1.6"
      }
    },
    "bignumber.js": {
      "version": "6.0.0",
      "resolved": "https://registry.npmjs.org/bignumber.js/-/bignumber.js-6.0.0.tgz",
      "integrity": "sha512-x247jIuy60/+FtMRvscqfxtVHQf8AGx2hm9c6btkgC0x/hp9yt+teISNhvF8WlwRkCc5yF2fDECH8SIMe8j+GA=="
    },
    "debug": {
      "version": "3.1.0",
      "resolved": "https://registry.npmjs.org/debug/-/debug-3.1.0.tgz",
      "integrity": "sha512-OX8XqP7/1a9cqkxYw2yXss15f26NKWBpDXQd0/uK/KPqdQhxbPa994hnzjcE2VqQpDslf55723cKPUOGSmMY3g==",
      "requires": {
        "ms": "2.0.0"
      }
    },
    "follow-redirects": {
      "version": "1.4.1",
      "resolved": "https://registry.npmjs.org/follow-redirects/-/follow-redirects-1.4.1.tgz",
      "integrity": "sha512-uxYePVPogtya1ktGnAAXOacnbIuRMB4dkvqeNz2qTtTQsuzSfbDolV+wMMKxAmCx0bLgAKLbBOkjItMbbkR1vg==",
      "requires": {
        "debug": "3.1.0"
      }
    },
    "gelf": {
      "version": "2.0.1",
      "resolved": "https://registry.npmjs.org/gelf/-/gelf-2.0.1.tgz",
      "integrity": "sha512-77duTNPkUgcwFRl+kbmPx2YGMF4e030xBVVsKix5mruTAjuROW36WxmpVSk8MkiZC1D68JYNNb+kfJeZG/D5VQ==",
      "requires": {
        "async": "2.6.0"
      }
    },
    "is-buffer": {
      "version": "1.1.6",
      "resolved": "https://registry.npmjs.org/is-buffer/-/is-buffer-1.1.6.tgz",
      "integrity": "sha512-NcdALwpXkTm5Zvvbk7owOUSvVvBKDgKP5/ewfXEznmQFfs4ZRmanOeKBTjRVjka3QFoN6XJ+9F3USqfHqTaU5w=="
    },
    "lodash": {
      "version": "4.17.5",
      "resolved": "https://registry.npmjs.org/lodash/-/lodash-4.17.5.tgz",
      "integrity": "sha512-svL3uiZf1RwhH+cWrfZn3A4+U58wbP0tGVTLQPbjplZxZ8ROD9VLuNgsRniTlLe7OlSqR79RUehXgpBW/s0IQw=="
    },
    "ms": {
      "version": "2.0.0",
      "resolved": "https://registry.npmjs.org/ms/-/ms-2.0.0.tgz",
      "integrity": "sha1-VgiurfwAvmwpAd9fmGF4jeDVl8g="
    },
    "nanode": {
      "version": "2.3.0",
      "resolved": "https://registry.npmjs.org/nanode/-/nanode-2.3.0.tgz",
      "integrity": "sha512-vPh/mwDUJaeLWMfewyJI9i78BYWaXl0I7pfpjrdMncfXW8lFtjUtkxQBPqsRVRy94+KiB0MZj/BWgHTCDGXRCg==",
      "requires": {
        "axios": "0.16.2",
        "bignumber.js": "6.0.0"
      }
    },
    "tail-stream": {
      "version": "0.3.4",
      "resolved": "https://registry.npmjs.org/tail-stream/-/tail-stream-0.3.4.tgz",
      "integrity": "sha1-vGdaIOknMrGmp8xl1r5m94F/1cE="
    }
  }
}
